
Microsoft Visual Studio Solution File, Format Version 10.00
# Visual Studio 2008
Project("{FAE04EC0-301F-11D3-BF4B-00C04F79EFBC}") = "Distributor", "Distributor\Distributor.csproj", "{E9EDCFB6-5AD8-40C4-8659-B019297E00E8}"
EndProject
Global
	GlobalSection(SolutionConfigurationPlatforms) = preSolution
		Debug|Any CPU = Debug|Any CPU
		Debug2|Any CPU = Debug2|Any CPU
		Debug4|Any CPU = Debug4|Any CPU
		Release|Any CPU = Release|Any CPU
	EndGlobalSection
	GlobalSection(ProjectConfigurationPlatforms) = postSolution
		{E9EDCFB6-5AD8-40C4-8659-B019297E00E8}.Debug|Any CPU.ActiveCfg = Debug|Any CPU
		{E9EDCFB6-5AD8-40C4-8659-B019297E00E8}.Debug|Any CPU.Build.0 = Debug|Any CPU
		{E9EDCFB6-5AD8-40C4-8659-B019297E00E8}.Debug2|Any CPU.ActiveCfg = Debug2|Any CPU
		{E9EDCFB6-5AD8-40C4-8659-B019297E00E8}.Debug2|Any CPU.Build.0 = Debug2|Any CPU
		{E9EDCFB6-5AD8-40C4-8659-B019297E00E8}.Debug4|Any CPU.ActiveCfg = Debug4|Any CPU
		{E9EDCFB6-5AD8-40C4-8659-B019297E00E8}.Debug4|Any CPU.Build.0 = Debug4|Any CPU
		{E9EDCFB6-5AD8-40C4-8659-B019297E00E8}.Release|Any CPU.ActiveCfg = Release|Any CPU
		{E9EDCFB6-5AD8-40C4-8659-B019297E00E8}.Release|Any CPU.Build.0 = Release|Any CPU
	EndGlobalSection
	GlobalSection(SolutionProperties) = preSolution
		HideSolutionNode = FALSE
	EndGlobalSection
EndGlobal
